// !$*UTF8*$!
{
	archiveVersion = 1;
	classes = {
	};
	objectVersion = 77;
	objects = {

/* Begin PBXBuildFile section */
		12F954F7DF3DE2AF1D1D244E /* Assets.xcassets in Resources */ = {isa = PBXBuildFile; fileRef = 52BE26BCA53BFA17CE2331EA /* Assets.xcassets */; };
		3819EF82C0CDD842A4EB5663 /* GearOpsClient.swift in Sources */ = {isa = PBXBuildFile; fileRef = AD50E8F0C4AF83EA7C947D7C /* GearOpsClient.swift */; };
		42F9933796384A03AFFA4E27 /* Health.swift in Sources */ = {isa = PBXBuildFile; fileRef = 7C9EB2C7AC640C2978C0DCB2 /* Health.swift */; };
		43734FB645FE39D54CC518A6 /* GearOpsModel.swift in Sources */ = {isa = PBXBuildFile; fileRef = C95649353663B9CE02034E7D /* GearOpsModel.swift */; };
		471F3F8855DC46FAE536D10E /* NotificationSettings.swift in Sources */ = {isa = PBXBuildFile; fileRef = 10844358F72CEB649BA44513 /* NotificationSettings.swift */; };
		51EF592216310A42F7EE3710 /* GearOpsApp.swift in Sources */ = {isa = PBXBuildFile; fileRef = CB2E396E0DD7D90FDF196A04 /* GearOpsApp.swift */; };
		5F8E1E282FD40B2D630D57F5 /* WisconsinCreativeIconTests.swift in Sources */ = {isa = PBXBuildFile; fileRef = 645A0D5508191987C2B49246 /* WisconsinCreativeIconTests.swift */; };
		62A7F89575289E450416A7DB /* SettingsView.swift in Sources */ = {isa = PBXBuildFile; fileRef = ABCA0BEC60A6E5EB82BA3FC7 /* SettingsView.swift */; };
		6FB835B637C72491D5AF315C /* CompanionCredentialStore.swift in Sources */ = {isa = PBXBuildFile; fileRef = B27E701B37D3AE7CE57808AA /* CompanionCredentialStore.swift */; };
		7A32FDE234F2CCDD4B99077D /* BookingNotificationTests.swift in Sources */ = {isa = PBXBuildFile; fileRef = 13D43E7CA9B67EFFA943D416 /* BookingNotificationTests.swift */; };
		8E5B043CF8627775640CB555 /* UserAvatarView.swift in Sources */ = {isa = PBXBuildFile; fileRef = 33D1C8F14EBFC0189BF52391 /* UserAvatarView.swift */; };
		A04AC6934B1CB7ADF69821C5 /* WisconsinCreativeIcon.swift in Sources */ = {isa = PBXBuildFile; fileRef = 1B630A1226F3437DDB20FBB6 /* WisconsinCreativeIcon.swift */; };
		A59CF7CBAA3EEBC381E3C83C /* NotificationSettingsTests.swift in Sources */ = {isa = PBXBuildFile; fileRef = C9E7B9D7A3F926D6A046A8F6 /* NotificationSettingsTests.swift */; };
		ADBA1160F72DAC2C1194FD3D /* MenuBarContentView.swift in Sources */ = {isa = PBXBuildFile; fileRef = A59DF7FF790F4970DA140B64 /* MenuBarContentView.swift */; };
		AF091A778AD4503CD473791E /* Models.swift in Sources */ = {isa = PBXBuildFile; fileRef = 30468EAF0B11F845969A76D1 /* Models.swift */; };
		B01CBCA0F661995E681CC51D /* BookingNotifications.swift in Sources */ = {isa = PBXBuildFile; fileRef = 12328C9B02D83F0513C2CBEE /* BookingNotifications.swift */; };
		B38828AF160371041FD13C59 /* GearOpsModelTests.swift in Sources */ = {isa = PBXBuildFile; fileRef = 7F8402E8593294E55B8C38BA /* GearOpsModelTests.swift */; };
		C29F47682B3F85B3B54181CB /* HealthTests.swift in Sources */ = {isa = PBXBuildFile; fileRef = 8B0421500DB5559BC742DAA5 /* HealthTests.swift */; };
		C5134C168373D9D1EA7FF135 /* AppPreferences.swift in Sources */ = {isa = PBXBuildFile; fileRef = ADEDBA439628BD9AF979D094 /* AppPreferences.swift */; };
		CB125D495C4907162C5D0FF4 /* CompanionPushBridge.swift in Sources */ = {isa = PBXBuildFile; fileRef = 3DB213E7BC6DC532FB07619F /* CompanionPushBridge.swift */; };
		EB5FE4858FBF1ED9608CA7F0 /* AppIcon.icns in Resources */ = {isa = PBXBuildFile; fileRef = 4E865EC1D3FEAB5F9B4C5D4A /* AppIcon.icns */; };
		F471188794B8B42BF9D54F7E /* BrandScene.swift in Sources */ = {isa = PBXBuildFile; fileRef = 62B91FAB211BD782021996F5 /* BrandScene.swift */; };
		FCF5D1DE7E1ADC35DC743C7C /* LoginView.swift in Sources */ = {isa = PBXBuildFile; fileRef = 696B6C89830D0610E053FC91 /* LoginView.swift */; };
/* End PBXBuildFile section */

/* Begin PBXContainerItemProxy section */
		E1E513C034643FB8179EBC98 /* PBXContainerItemProxy */ = {
			isa = PBXContainerItemProxy;
			containerPortal = 2618F8E2213E0572F4A48F51 /* Project object */;
			proxyType = 1;
			remoteGlobalIDString = 19FC83730AA7F5CB4AA89FE5;
			remoteInfo = GearOps;
		};
/* End PBXContainerItemProxy section */

/* Begin PBXFileReference section */
		10844358F72CEB649BA44513 /* NotificationSettings.swift */ = {isa = PBXFileReference; lastKnownFileType = sourcecode.swift; path = NotificationSettings.swift; sourceTree = "<group>"; };
		12328C9B02D83F0513C2CBEE /* BookingNotifications.swift */ = {isa = PBXFileReference; lastKnownFileType = sourcecode.swift; path = BookingNotifications.swift; sourceTree = "<group>"; };
		13D43E7CA9B67EFFA943D416 /* BookingNotificationTests.swift */ = {isa = PBXFileReference; lastKnownFileType = sourcecode.swift; path = BookingNotificationTests.swift; sourceTree = "<group>"; };
		1B630A1226F3437DDB20FBB6 /* WisconsinCreativeIcon.swift */ = {isa = PBXFileReference; lastKnownFileType = sourcecode.swift; path = WisconsinCreativeIcon.swift; sourceTree = "<group>"; };
		243BD98D5DBF04F57C519B85 /* GearOps.app */ = {isa = PBXFileReference; explicitFileType = wrapper.application; includeInIndex = 0; path = GearOps.app; sourceTree = BUILT_PRODUCTS_DIR; };
		2B15F45F6E0B4A6E05D16707 /* GearOps.entitlements */ = {isa = PBXFileReference; lastKnownFileType = text.plist.entitlements; path = GearOps.entitlements; sourceTree = "<group>"; };
		30468EAF0B11F845969A76D1 /* Models.swift */ = {isa = PBXFileReference; lastKnownFileType = sourcecode.swift; path = Models.swift; sourceTree = "<group>"; };
		33D1C8F14EBFC0189BF52391 /* UserAvatarView.swift */ = {isa = PBXFileReference; lastKnownFileType = sourcecode.swift; path = UserAvatarView.swift; sourceTree = "<group>"; };
		3DB213E7BC6DC532FB07619F /* CompanionPushBridge.swift */ = {isa = PBXFileReference; lastKnownFileType = sourcecode.swift; path = CompanionPushBridge.swift; sourceTree = "<group>"; };
		4E865EC1D3FEAB5F9B4C5D4A /* AppIcon.icns */ = {isa = PBXFileReference; lastKnownFileType = image.icns; path = AppIcon.icns; sourceTree = "<group>"; };
		509274ABE0FA7D0BD3CA1D0D /* Info.plist */ = {isa = PBXFileReference; lastKnownFileType = text.plist; path = Info.plist; sourceTree = "<group>"; };
		52BE26BCA53BFA17CE2331EA /* Assets.xcassets */ = {isa = PBXFileReference; lastKnownFileType = folder.assetcatalog; path = Assets.xcassets; sourceTree = "<group>"; };
		62B91FAB211BD782021996F5 /* BrandScene.swift */ = {isa = PBXFileReference; lastKnownFileType = sourcecode.swift; path = BrandScene.swift; sourceTree = "<group>"; };
		645A0D5508191987C2B49246 /* WisconsinCreativeIconTests.swift */ = {isa = PBXFileReference; lastKnownFileType = sourcecode.swift; path = WisconsinCreativeIconTests.swift; sourceTree = "<group>"; };
		696B6C89830D0610E053FC91 /* LoginView.swift */ = {isa = PBXFileReference; lastKnownFileType = sourcecode.swift; path = LoginView.swift; sourceTree = "<group>"; };
		7C9EB2C7AC640C2978C0DCB2 /* Health.swift */ = {isa = PBXFileReference; lastKnownFileType = sourcecode.swift; path = Health.swift; sourceTree = "<group>"; };
		7F8402E8593294E55B8C38BA /* GearOpsModelTests.swift */ = {isa = PBXFileReference; lastKnownFileType = sourcecode.swift; path = GearOpsModelTests.swift; sourceTree = "<group>"; };
		8B0421500DB5559BC742DAA5 /* HealthTests.swift */ = {isa = PBXFileReference; lastKnownFileType = sourcecode.swift; path = HealthTests.swift; sourceTree = "<group>"; };
		A59DF7FF790F4970DA140B64 /* MenuBarContentView.swift */ = {isa = PBXFileReference; lastKnownFileType = sourcecode.swift; path = MenuBarContentView.swift; sourceTree = "<group>"; };
		ABCA0BEC60A6E5EB82BA3FC7 /* SettingsView.swift */ = {isa = PBXFileReference; lastKnownFileType = sourcecode.swift; path = SettingsView.swift; sourceTree = "<group>"; };
		AD50E8F0C4AF83EA7C947D7C /* GearOpsClient.swift */ = {isa = PBXFileReference; lastKnownFileType = sourcecode.swift; path = GearOpsClient.swift; sourceTree = "<group>"; };
		ADEDBA439628BD9AF979D094 /* AppPreferences.swift */ = {isa = PBXFileReference; lastKnownFileType = sourcecode.swift; path = AppPreferences.swift; sourceTree = "<group>"; };
		B27E701B37D3AE7CE57808AA /* CompanionCredentialStore.swift */ = {isa = PBXFileReference; lastKnownFileType = sourcecode.swift; path = CompanionCredentialStore.swift; sourceTree = "<group>"; };
		C95649353663B9CE02034E7D /* GearOpsModel.swift */ = {isa = PBXFileReference; lastKnownFileType = sourcecode.swift; path = GearOpsModel.swift; sourceTree = "<group>"; };
		C9E7B9D7A3F926D6A046A8F6 /* NotificationSettingsTests.swift */ = {isa = PBXFileReference; lastKnownFileType = sourcecode.swift; path = NotificationSettingsTests.swift; sourceTree = "<group>"; };
		CB2E396E0DD7D90FDF196A04 /* GearOpsApp.swift */ = {isa = PBXFileReference; lastKnownFileType = sourcecode.swift; path = GearOpsApp.swift; sourceTree = "<group>"; };
		D9DB74AC3C748F38FD6400C0 /* GearOpsTests.xctest */ = {isa = PBXFileReference; explicitFileType = wrapper.cfbundle; includeInIndex = 0; path = GearOpsTests.xctest; sourceTree = BUILT_PRODUCTS_DIR; };
/* End PBXFileReference section */

/* Begin PBXGroup section */
		1FFF866EC7FA9D615F6D2AA7 /* Supporting */ = {
			isa = PBXGroup;
			children = (
				4E865EC1D3FEAB5F9B4C5D4A /* AppIcon.icns */,
				2B15F45F6E0B4A6E05D16707 /* GearOps.entitlements */,
				509274ABE0FA7D0BD3CA1D0D /* Info.plist */,
			);
			path = Supporting;
			sourceTree = "<group>";
		};
		216F329796B3A2DA70126A9F /* Wisconsin */ = {
			isa = PBXGroup;
			children = (
				52BE26BCA53BFA17CE2331EA /* Assets.xcassets */,
			);
			path = Wisconsin;
			sourceTree = "<group>";
		};
		78FF296F5D04ACA288423A88 /* GearOps */ = {
			isa = PBXGroup;
			children = (
				ADEDBA439628BD9AF979D094 /* AppPreferences.swift */,
				12328C9B02D83F0513C2CBEE /* BookingNotifications.swift */,
				62B91FAB211BD782021996F5 /* BrandScene.swift */,
				B27E701B37D3AE7CE57808AA /* CompanionCredentialStore.swift */,
				3DB213E7BC6DC532FB07619F /* CompanionPushBridge.swift */,
				CB2E396E0DD7D90FDF196A04 /* GearOpsApp.swift */,
				AD50E8F0C4AF83EA7C947D7C /* GearOpsClient.swift */,
				C95649353663B9CE02034E7D /* GearOpsModel.swift */,
				7C9EB2C7AC640C2978C0DCB2 /* Health.swift */,
				696B6C89830D0610E053FC91 /* LoginView.swift */,
				A59DF7FF790F4970DA140B64 /* MenuBarContentView.swift */,
				30468EAF0B11F845969A76D1 /* Models.swift */,
				10844358F72CEB649BA44513 /* NotificationSettings.swift */,
				ABCA0BEC60A6E5EB82BA3FC7 /* SettingsView.swift */,
				33D1C8F14EBFC0189BF52391 /* UserAvatarView.swift */,
				1B630A1226F3437DDB20FBB6 /* WisconsinCreativeIcon.swift */,
				1FFF866EC7FA9D615F6D2AA7 /* Supporting */,
			);
			path = GearOps;
			sourceTree = "<group>";
		};
		84F9B7F2B45D3FFEDDF9DB5B /* Products */ = {
			isa = PBXGroup;
			children = (
				243BD98D5DBF04F57C519B85 /* GearOps.app */,
				D9DB74AC3C748F38FD6400C0 /* GearOpsTests.xctest */,
			);
			name = Products;
			sourceTree = "<group>";
		};
		954A63928DC89DBB172FC25E = {
			isa = PBXGroup;
			children = (
				78FF296F5D04ACA288423A88 /* GearOps */,
				B59391C922FF589BAC6435F8 /* GearOpsTests */,
				EB73432A4AAA8DC01721F8BE /* wisconsin-creative */,
				84F9B7F2B45D3FFEDDF9DB5B /* Products */,
			);
			sourceTree = "<group>";
		};
		B59391C922FF589BAC6435F8 /* GearOpsTests */ = {
			isa = PBXGroup;
			children = (
				13D43E7CA9B67EFFA943D416 /* BookingNotificationTests.swift */,
				7F8402E8593294E55B8C38BA /* GearOpsModelTests.swift */,
				8B0421500DB5559BC742DAA5 /* HealthTests.swift */,
				C9E7B9D7A3F926D6A046A8F6 /* NotificationSettingsTests.swift */,
				645A0D5508191987C2B49246 /* WisconsinCreativeIconTests.swift */,
			);
			path = GearOpsTests;
			sourceTree = "<group>";
		};
		DBEB2908D1524F2808FB4F7B /* ios */ = {
			isa = PBXGroup;
			children = (
				216F329796B3A2DA70126A9F /* Wisconsin */,
			);
			path = ios;
			sourceTree = "<group>";
		};
		EB73432A4AAA8DC01721F8BE /* wisconsin-creative */ = {
			isa = PBXGroup;
			children = (
				DBEB2908D1524F2808FB4F7B /* ios */,
			);
			name = "wisconsin-creative";
			path = ..;
			sourceTree = "<group>";
		};
/* End PBXGroup section */

/* Begin PBXNativeTarget section */
		19FC83730AA7F5CB4AA89FE5 /* GearOps */ = {
			isa = PBXNativeTarget;
			buildConfigurationList = CBF9A90B61A2D6FD4C158C06 /* Build configuration list for PBXNativeTarget "GearOps" */;
			buildPhases = (
				ABA9819011C3D17357EAC32B /* Sources */,
				A27B48891F40F2FA48E44208 /* Resources */,
			);
			buildRules = (
			);
			dependencies = (
			);
			name = GearOps;
			packageProductDependencies = (
			);
			productName = GearOps;
			productReference = 243BD98D5DBF04F57C519B85 /* GearOps.app */;
			productType = "com.apple.product-type.application";
		};
		32E80BE105BDE66D3F9BE886 /* GearOpsTests */ = {
			isa = PBXNativeTarget;
			buildConfigurationList = C0FAE98015B5AB232F4BBCAA /* Build configuration list for PBXNativeTarget "GearOpsTests" */;
			buildPhases = (
				010A48DCC1E4FCC03F56886E /* Sources */,
			);
			buildRules = (
			);
			dependencies = (
				D756E8A18BB764B8A436BE64 /* PBXTargetDependency */,
			);
			name = GearOpsTests;
			packageProductDependencies = (
			);
			productName = GearOpsTests;
			productReference = D9DB74AC3C748F38FD6400C0 /* GearOpsTests.xctest */;
			productType = "com.apple.product-type.bundle.unit-test";
		};
/* End PBXNativeTarget section */

/* Begin PBXProject section */
		2618F8E2213E0572F4A48F51 /* Project object */ = {
			isa = PBXProject;
			attributes = {
				BuildIndependentTargetsInParallel = YES;
				LastUpgradeCheck = 2660;
				TargetAttributes = {
					19FC83730AA7F5CB4AA89FE5 = {
						DevelopmentTeam = T26T3G8C7Q;
						ProvisioningStyle = Automatic;
					};
				};
			};
			buildConfigurationList = 1DF218B76133D5101548991C /* Build configuration list for PBXProject "GearOps" */;
			developmentRegion = en;
			hasScannedForEncodings = 0;
			knownRegions = (
				Base,
				en,
			);
			mainGroup = 954A63928DC89DBB172FC25E;
			minimizedProjectReferenceProxies = 1;
			preferredProjectObjectVersion = 77;
			productRefGroup = 84F9B7F2B45D3FFEDDF9DB5B /* Products */;
			projectDirPath = "";
			projectRoot = "";
			targets = (
				19FC83730AA7F5CB4AA89FE5 /* GearOps */,
				32E80BE105BDE66D3F9BE886 /* GearOpsTests */,
			);
		};
/* End PBXProject section */

/* Begin PBXResourcesBuildPhase section */
		A27B48891F40F2FA48E44208 /* Resources */ = {
			isa = PBXResourcesBuildPhase;
			buildActionMask = 2147483647;
			files = (
				EB5FE4858FBF1ED9608CA7F0 /* AppIcon.icns in Resources */,
				12F954F7DF3DE2AF1D1D244E /* Assets.xcassets in Resources */,
			);
			runOnlyForDeploymentPostprocessing = 0;
		};
/* End PBXResourcesBuildPhase section */

/* Begin PBXSourcesBuildPhase section */
		010A48DCC1E4FCC03F56886E /* Sources */ = {
			isa = PBXSourcesBuildPhase;
			buildActionMask = 2147483647;
			files = (
				7A32FDE234F2CCDD4B99077D /* BookingNotificationTests.swift in Sources */,
				B38828AF160371041FD13C59 /* GearOpsModelTests.swift in Sources */,
				C29F47682B3F85B3B54181CB /* HealthTests.swift in Sources */,
				A59CF7CBAA3EEBC381E3C83C /* NotificationSettingsTests.swift in Sources */,
				5F8E1E282FD40B2D630D57F5 /* WisconsinCreativeIconTests.swift in Sources */,
			);
			runOnlyForDeploymentPostprocessing = 0;
		};
		ABA9819011C3D17357EAC32B /* Sources */ = {
			isa = PBXSourcesBuildPhase;
			buildActionMask = 2147483647;
			files = (
				C5134C168373D9D1EA7FF135 /* AppPreferences.swift in Sources */,
				B01CBCA0F661995E681CC51D /* BookingNotifications.swift in Sources */,
				F471188794B8B42BF9D54F7E /* BrandScene.swift in Sources */,
				6FB835B637C72491D5AF315C /* CompanionCredentialStore.swift in Sources */,
				CB125D495C4907162C5D0FF4 /* CompanionPushBridge.swift in Sources */,
				51EF592216310A42F7EE3710 /* GearOpsApp.swift in Sources */,
				3819EF82C0CDD842A4EB5663 /* GearOpsClient.swift in Sources */,
				43734FB645FE39D54CC518A6 /* GearOpsModel.swift in Sources */,
				42F9933796384A03AFFA4E27 /* Health.swift in Sources */,
				FCF5D1DE7E1ADC35DC743C7C /* LoginView.swift in Sources */,
				ADBA1160F72DAC2C1194FD3D /* MenuBarContentView.swift in Sources */,
				AF091A778AD4503CD473791E /* Models.swift in Sources */,
				471F3F8855DC46FAE536D10E /* NotificationSettings.swift in Sources */,
				62A7F89575289E450416A7DB /* SettingsView.swift in Sources */,
				8E5B043CF8627775640CB555 /* UserAvatarView.swift in Sources */,
				A04AC6934B1CB7ADF69821C5 /* WisconsinCreativeIcon.swift in Sources */,
			);
			runOnlyForDeploymentPostprocessing = 0;
		};
/* End PBXSourcesBuildPhase section */

/* Begin PBXTargetDependency section */
		D756E8A18BB764B8A436BE64 /* PBXTargetDependency */ = {
			isa = PBXTargetDependency;
			target = 19FC83730AA7F5CB4AA89FE5 /* GearOps */;
			targetProxy = E1E513C034643FB8179EBC98 /* PBXContainerItemProxy */;
		};
/* End PBXTargetDependency section */

/* Begin XCBuildConfiguration section */
		0A0543BCB0C59284DCEC653F /* Release */ = {
			isa = XCBuildConfiguration;
			buildSettings = {
				ASSETCATALOG_COMPILER_APPICON_NAME = AppIcon;
				CODE_SIGN_ENTITLEMENTS = GearOps/Supporting/GearOps.entitlements;
				CODE_SIGN_STYLE = Automatic;
				COMBINE_HIDPI_IMAGES = YES;
				CURRENT_PROJECT_VERSION = 5;
				DEVELOPMENT_TEAM = T26T3G8C7Q;
				ENABLE_HARDENED_RUNTIME = YES;
				INFOPLIST_FILE = GearOps/Supporting/Info.plist;
				LD_RUNPATH_SEARCH_PATHS = (
					"$(inherited)",
					"@executable_path/../Frameworks",
				);
				MACOSX_DEPLOYMENT_TARGET = 15.0;
				MARKETING_VERSION = 1.0.4;
				PRODUCT_BUNDLE_IDENTIFIER = com.erikrole.GearOps;
				PRODUCT_MODULE_NAME = GearOps;
				PRODUCT_NAME = "Wisconsin Creative";
				SDKROOT = macosx;
				SWIFT_STRICT_CONCURRENCY = complete;
			};
			name = Release;
		};
		40BD798BF76F0FA607BDF2DE /* Release */ = {
			isa = XCBuildConfiguration;
			buildSettings = {
				BUNDLE_LOADER = "$(TEST_HOST)";
				COMBINE_HIDPI_IMAGES = YES;
				GENERATE_INFOPLIST_FILE = YES;
				LD_RUNPATH_SEARCH_PATHS = (
					"$(inherited)",
					"@executable_path/../Frameworks",
					"@loader_path/../Frameworks",
				);
				MACOSX_DEPLOYMENT_TARGET = 15.0;
				PRODUCT_BUNDLE_IDENTIFIER = com.erikrole.GearOpsTests;
				SDKROOT = macosx;
				SWIFT_STRICT_CONCURRENCY = complete;
				TEST_HOST = "$(BUILT_PRODUCTS_DIR)/Wisconsin Creative.app/Contents/MacOS/Wisconsin Creative";
			};
			name = Release;
		};
		A0805CB6E6D0225935F0A395 /* Debug */ = {
			isa = XCBuildConfiguration;
			buildSettings = {
				ASSETCATALOG_COMPILER_APPICON_NAME = AppIcon;
				CODE_SIGN_ENTITLEMENTS = GearOps/Supporting/GearOps.entitlements;
				CODE_SIGN_STYLE = Automatic;
				COMBINE_HIDPI_IMAGES = YES;
				CURRENT_PROJECT_VERSION = 5;
				DEVELOPMENT_TEAM = T26T3G8C7Q;
				INFOPLIST_FILE = GearOps/Supporting/Info.plist;
				LD_RUNPATH_SEARCH_PATHS = (
					"$(inherited)",
					"@executable_path/../Frameworks",
				);
				MACOSX_DEPLOYMENT_TARGET = 15.0;
				MARKETING_VERSION = 1.0.4;
				PRODUCT_BUNDLE_IDENTIFIER = com.erikrole.GearOps;
				PRODUCT_MODULE_NAME = GearOps;
				PRODUCT_NAME = "Wisconsin Creative";
				SDKROOT = macosx;
				SWIFT_STRICT_CONCURRENCY = complete;
			};
			name = Debug;
		};
		CB1323F2B6D0B893D02087CE /* Debug */ = {
			isa = XCBuildConfiguration;
			buildSettings = {
				ALWAYS_SEARCH_USER_PATHS = NO;
				APS_ENVIRONMENT = development;
				CLANG_ANALYZER_NONNULL = YES;
				CLANG_ANALYZER_NUMBER_OBJECT_CONVERSION = YES_AGGRESSIVE;
				CLANG_CXX_LANGUAGE_STANDARD = "gnu++14";
				CLANG_CXX_LIBRARY = "libc++";
				CLANG_ENABLE_MODULES = YES;
				CLANG_ENABLE_OBJC_ARC = YES;
				CLANG_ENABLE_OBJC_WEAK = YES;
				CLANG_WARN_BLOCK_CAPTURE_AUTORELEASING = YES;
				CLANG_WARN_BOOL_CONVERSION = YES;
				CLANG_WARN_COMMA = YES;
				CLANG_WARN_CONSTANT_CONVERSION = YES;
				CLANG_WARN_DEPRECATED_OBJC_IMPLEMENTATIONS = YES;
				CLANG_WARN_DIRECT_OBJC_ISA_USAGE = YES_ERROR;
				CLANG_WARN_DOCUMENTATION_COMMENTS = YES;
				CLANG_WARN_EMPTY_BODY = YES;
				CLANG_WARN_ENUM_CONVERSION = YES;
				CLANG_WARN_INFINITE_RECURSION = YES;
				CLANG_WARN_INT_CONVERSION = YES;
				CLANG_WARN_NON_LITERAL_NULL_CONVERSION = YES;
				CLANG_WARN_OBJC_IMPLICIT_RETAIN_SELF = YES;
				CLANG_WARN_OBJC_LITERAL_CONVERSION = YES;
				CLANG_WARN_OBJC_ROOT_CLASS = YES_ERROR;
				CLANG_WARN_QUOTED_INCLUDE_IN_FRAMEWORK_HEADER = YES;
				CLANG_WARN_RANGE_LOOP_ANALYSIS = YES;
				CLANG_WARN_STRICT_PROTOTYPES = YES;
				CLANG_WARN_SUSPICIOUS_MOVE = YES;
				CLANG_WARN_UNGUARDED_AVAILABILITY = YES_AGGRESSIVE;
				CLANG_WARN_UNREACHABLE_CODE = YES;
				CLANG_WARN__DUPLICATE_METHOD_MATCH = YES;
				COPY_PHASE_STRIP = NO;
				DEAD_CODE_STRIPPING = YES;
				DEBUG_INFORMATION_FORMAT = dwarf;
				ENABLE_PREVIEWS = YES;
				ENABLE_STRICT_OBJC_MSGSEND = YES;
				ENABLE_TESTABILITY = YES;
				ENABLE_USER_SCRIPT_SANDBOXING = YES;
				GCC_C_LANGUAGE_STANDARD = gnu11;
				GCC_DYNAMIC_NO_PIC = NO;
				GCC_NO_COMMON_BLOCKS = YES;
				GCC_OPTIMIZATION_LEVEL = 0;
				GCC_PREPROCESSOR_DEFINITIONS = (
					"$(inherited)",
					"DEBUG=1",
				);
				GCC_WARN_64_TO_32_BIT_CONVERSION = YES;
				GCC_WARN_ABOUT_RETURN_TYPE = YES_ERROR;
				GCC_WARN_UNDECLARED_SELECTOR = YES;
				GCC_WARN_UNINITIALIZED_AUTOS = YES_AGGRESSIVE;
				GCC_WARN_UNUSED_FUNCTION = YES;
				GCC_WARN_UNUSED_VARIABLE = YES;
				MACOSX_DEPLOYMENT_TARGET = 15.0;
				MTL_ENABLE_DEBUG_INFO = INCLUDE_SOURCE;
				MTL_FAST_MATH = YES;
				ONLY_ACTIVE_ARCH = YES;
				PRODUCT_NAME = "$(TARGET_NAME)";
				SDKROOT = macosx;
				SWIFT_ACTIVE_COMPILATION_CONDITIONS = DEBUG;
				SWIFT_OPTIMIZATION_LEVEL = "-Onone";
				SWIFT_VERSION = 6.0;
			};
			name = Debug;
		};
		E0671E671927DBA31C980248 /* Release */ = {
			isa = XCBuildConfiguration;
			buildSettings = {
				ALWAYS_SEARCH_USER_PATHS = NO;
				APS_ENVIRONMENT = production;
				CLANG_ANALYZER_NONNULL = YES;
				CLANG_ANALYZER_NUMBER_OBJECT_CONVERSION = YES_AGGRESSIVE;
				CLANG_CXX_LANGUAGE_STANDARD = "gnu++14";
				CLANG_CXX_LIBRARY = "libc++";
				CLANG_ENABLE_MODULES = YES;
				CLANG_ENABLE_OBJC_ARC = YES;
				CLANG_ENABLE_OBJC_WEAK = YES;
				CLANG_WARN_BLOCK_CAPTURE_AUTORELEASING = YES;
				CLANG_WARN_BOOL_CONVERSION = YES;
				CLANG_WARN_COMMA = YES;
				CLANG_WARN_CONSTANT_CONVERSION = YES;
				CLANG_WARN_DEPRECATED_OBJC_IMPLEMENTATIONS = YES;
				CLANG_WARN_DIRECT_OBJC_ISA_USAGE = YES_ERROR;
				CLANG_WARN_DOCUMENTATION_COMMENTS = YES;
				CLANG_WARN_EMPTY_BODY = YES;
				CLANG_WARN_ENUM_CONVERSION = YES;
				CLANG_WARN_INFINITE_RECURSION = YES;
				CLANG_WARN_INT_CONVERSION = YES;
				CLANG_WARN_NON_LITERAL_NULL_CONVERSION = YES;
				CLANG_WARN_OBJC_IMPLICIT_RETAIN_SELF = YES;
				CLANG_WARN_OBJC_LITERAL_CONVERSION = YES;
				CLANG_WARN_OBJC_ROOT_CLASS = YES_ERROR;
				CLANG_WARN_QUOTED_INCLUDE_IN_FRAMEWORK_HEADER = YES;
				CLANG_WARN_RANGE_LOOP_ANALYSIS = YES;
				CLANG_WARN_STRICT_PROTOTYPES = YES;
				CLANG_WARN_SUSPICIOUS_MOVE = YES;
				CLANG_WARN_UNGUARDED_AVAILABILITY = YES_AGGRESSIVE;
				CLANG_WARN_UNREACHABLE_CODE = YES;
				CLANG_WARN__DUPLICATE_METHOD_MATCH = YES;
				COPY_PHASE_STRIP = NO;
				DEAD_CODE_STRIPPING = YES;
				DEBUG_INFORMATION_FORMAT = "dwarf-with-dsym";
				ENABLE_NS_ASSERTIONS = NO;
				ENABLE_PREVIEWS = YES;
				ENABLE_STRICT_OBJC_MSGSEND = YES;
				ENABLE_USER_SCRIPT_SANDBOXING = YES;
				GCC_C_LANGUAGE_STANDARD = gnu11;
				GCC_NO_COMMON_BLOCKS = YES;
				GCC_WARN_64_TO_32_BIT_CONVERSION = YES;
				GCC_WARN_ABOUT_RETURN_TYPE = YES_ERROR;
				GCC_WARN_UNDECLARED_SELECTOR = YES;
				GCC_WARN_UNINITIALIZED_AUTOS = YES_AGGRESSIVE;
				GCC_WARN_UNUSED_FUNCTION = YES;
				GCC_WARN_UNUSED_VARIABLE = YES;
				MACOSX_DEPLOYMENT_TARGET = 15.0;
				MTL_ENABLE_DEBUG_INFO = NO;
				MTL_FAST_MATH = YES;
				PRODUCT_NAME = "$(TARGET_NAME)";
				SDKROOT = macosx;
				SWIFT_COMPILATION_MODE = wholemodule;
				SWIFT_OPTIMIZATION_LEVEL = "-O";
				SWIFT_VERSION = 6.0;
			};
			name = Release;
		};
		EFD187AF41D3A1BF739E3905 /* Debug */ = {
			isa = XCBuildConfiguration;
			buildSettings = {
				BUNDLE_LOADER = "$(TEST_HOST)";
				COMBINE_HIDPI_IMAGES = YES;
				GENERATE_INFOPLIST_FILE = YES;
				LD_RUNPATH_SEARCH_PATHS = (
					"$(inherited)",
					"@executable_path/../Frameworks",
					"@loader_path/../Frameworks",
				);
				MACOSX_DEPLOYMENT_TARGET = 15.0;
				PRODUCT_BUNDLE_IDENTIFIER = com.erikrole.GearOpsTests;
				SDKROOT = macosx;
				SWIFT_STRICT_CONCURRENCY = complete;
				TEST_HOST = "$(BUILT_PRODUCTS_DIR)/Wisconsin Creative.app/Contents/MacOS/Wisconsin Creative";
			};
			name = Debug;
		};
/* End XCBuildConfiguration section */

/* Begin XCConfigurationList section */
		1DF218B76133D5101548991C /* Build configuration list for PBXProject "GearOps" */ = {
			isa = XCConfigurationList;
			buildConfigurations = (
				CB1323F2B6D0B893D02087CE /* Debug */,
				E0671E671927DBA31C980248 /* Release */,
			);
			defaultConfigurationIsVisible = 0;
			defaultConfigurationName = Debug;
		};
		C0FAE98015B5AB232F4BBCAA /* Build configuration list for PBXNativeTarget "GearOpsTests" */ = {
			isa = XCConfigurationList;
			buildConfigurations = (
				EFD187AF41D3A1BF739E3905 /* Debug */,
				40BD798BF76F0FA607BDF2DE /* Release */,
			);
			defaultConfigurationIsVisible = 0;
			defaultConfigurationName = Debug;
		};
		CBF9A90B61A2D6FD4C158C06 /* Build configuration list for PBXNativeTarget "GearOps" */ = {
			isa = XCConfigurationList;
			buildConfigurations = (
				A0805CB6E6D0225935F0A395 /* Debug */,
				0A0543BCB0C59284DCEC653F /* Release */,
			);
			defaultConfigurationIsVisible = 0;
			defaultConfigurationName = Debug;
		};
/* End XCConfigurationList section */
	};
	rootObject = 2618F8E2213E0572F4A48F51 /* Project object */;
}
